
Microsoft Visual Studio Solution File, Format Version 12.00
# Visual Studio Version 17
VisualStudioVersion = 17.13.35825.156 d17.13
MinimumVisualStudioVersion = 10.0.40219.1
Project("{FAE04EC0-301F-11D3-BF4B-00C04F79EFBC}") = "ConsoleApp2", "ConsoleApp2\ConsoleApp2.csproj", "{D3D71634-CEA0-4F8C-9F4B-5C2B33D71456}"
EndProject
Global
	GlobalSection(SolutionConfigurationPlatforms) = preSolution
		Debug|Any CPU = Debug|Any CPU
		Release|Any CPU = Release|Any CPU
	EndGlobalSection
	GlobalSection(ProjectConfigurationPlatforms) = postSolution
		{D3D71634-CEA0-4F8C-9F4B-5C2B33D71456}.Debug|Any CPU.ActiveCfg = Debug|Any CPU
		{D3D71634-CEA0-4F8C-9F4B-5C2B33D71456}.Debug|Any CPU.Build.0 = Debug|Any CPU
		{D3D71634-CEA0-4F8C-9F4B-5C2B33D71456}.Release|Any CPU.ActiveCfg = Release|Any CPU
		{D3D71634-CEA0-4F8C-9F4B-5C2B33D71456}.Release|Any CPU.Build.0 = Release|Any CPU
	EndGlobalSection
	GlobalSection(SolutionProperties) = preSolution
		HideSolutionNode = FALSE
	EndGlobalSection
	GlobalSection(ExtensibilityGlobals) = postSolution
		SolutionGuid = {4B8C81C1-A016-43F6-8633-5EED4A1E82A8}
	EndGlobalSection
EndGlobal
